
Microsoft Visual Studio Solution File, Format Version 12.00
# Visual Studio 15
VisualStudioVersion = 15.0.28307.852
MinimumVisualStudioVersion = 10.0.40219.1
Project("{FAE04EC0-301F-11D3-BF4B-00C04F79EFBC}") = "CheckersGame", "CheckersGame\CheckersGame.csproj", "{0FA0789D-138A-4144-BC7E-AFB364663D8A}"
EndProject
Project("{2150E333-8FDC-42A3-9474-1A3956D46DE8}") = "Forms", "Forms", "{A5C1FDA2-E658-49D1-9426-C55C35FF3A0E}"
	ProjectSection(SolutionItems) = preProject
		CheckersGame\frmGame.cs = CheckersGame\frmGame.cs
		CheckersGame\frmGame.Designer.cs = CheckersGame\frmGame.Designer.cs
		CheckersGame\frmGame.resx = CheckersGame\frmGame.resx
		CheckersGame\frmMenu.cs = CheckersGame\frmMenu.cs
	EndProjectSection
EndProject
Project("{2150E333-8FDC-42A3-9474-1A3956D46DE8}") = "Solution Items", "Solution Items", "{566242F0-94F1-4B0B-8F9D-2F06B1E2B1FC}"
	ProjectSection(SolutionItems) = preProject
		GlobalData.cs = GlobalData.cs
	EndProjectSection
EndProject
Global
	GlobalSection(SolutionConfigurationPlatforms) = preSolution
		Debug|Any CPU = Debug|Any CPU
		Release|Any CPU = Release|Any CPU
	EndGlobalSection
	GlobalSection(ProjectConfigurationPlatforms) = postSolution
		{0FA0789D-138A-4144-BC7E-AFB364663D8A}.Debug|Any CPU.ActiveCfg = Debug|Any CPU
		{0FA0789D-138A-4144-BC7E-AFB364663D8A}.Debug|Any CPU.Build.0 = Debug|Any CPU
		{0FA0789D-138A-4144-BC7E-AFB364663D8A}.Release|Any CPU.ActiveCfg = Release|Any CPU
		{0FA0789D-138A-4144-BC7E-AFB364663D8A}.Release|Any CPU.Build.0 = Release|Any CPU
	EndGlobalSection
	GlobalSection(SolutionProperties) = preSolution
		HideSolutionNode = FALSE
	EndGlobalSection
	GlobalSection(ExtensibilityGlobals) = postSolution
		SolutionGuid = {9D99FE2A-9D65-40D5-8357-6C446E13E3D4}
	EndGlobalSection
EndGlobal
